
Microsoft Visual Studio Solution File, Format Version 12.00
# Visual Studio 15
VisualStudioVersion = 15.0.27703.2042
MinimumVisualStudioVersion = 10.0.40219.1
Project("{FAE04EC0-301F-11D3-BF4B-00C04F79EFBC}") = "Robock", "Robock\Robock.csproj", "{829FE68D-DA01-4FFA-9992-032CCEE00BEF}"
EndProject
Project("{FAE04EC0-301F-11D3-BF4B-00C04F79EFBC}") = "Robock.Shared", "Robock.Shared\Robock.Shared.csproj", "{07BECF0B-6E07-4AC5-B0C2-3EAE0539D9A2}"
EndProject
Project("{2150E333-8FDC-42A3-9474-1A3956D46DE8}") = "Solution Items", "Solution Items", "{5C58DFCF-5FF0-4436-92D9-18B9ABD4FBBD}"
	ProjectSection(SolutionItems) = preProject
		..\.gitattributes = ..\.gitattributes
		..\.gitignore = ..\.gitignore
		..\.gitmodules = ..\.gitmodules
		..\LICENSE = ..\LICENSE
		..\README.md = ..\README.md
	EndProjectSection
EndProject
Project("{FAE04EC0-301F-11D3-BF4B-00C04F79EFBC}") = "Robock.Background", "Robock.Background\Robock.Background.csproj", "{F3D75D1B-A861-44A9-A88B-BFAA4D5E77AD}"
EndProject
Global
	GlobalSection(SolutionConfigurationPlatforms) = preSolution
		Debug|x64 = Debug|x64
		Release|x64 = Release|x64
	EndGlobalSection
	GlobalSection(ProjectConfigurationPlatforms) = postSolution
		{829FE68D-DA01-4FFA-9992-032CCEE00BEF}.Debug|x64.ActiveCfg = Debug|x64
		{829FE68D-DA01-4FFA-9992-032CCEE00BEF}.Debug|x64.Build.0 = Debug|x64
		{829FE68D-DA01-4FFA-9992-032CCEE00BEF}.Release|x64.ActiveCfg = Release|x64
		{829FE68D-DA01-4FFA-9992-032CCEE00BEF}.Release|x64.Build.0 = Release|x64
		{07BECF0B-6E07-4AC5-B0C2-3EAE0539D9A2}.Debug|x64.ActiveCfg = Debug|Any CPU
		{07BECF0B-6E07-4AC5-B0C2-3EAE0539D9A2}.Debug|x64.Build.0 = Debug|Any CPU
		{07BECF0B-6E07-4AC5-B0C2-3EAE0539D9A2}.Release|x64.ActiveCfg = Release|Any CPU
		{07BECF0B-6E07-4AC5-B0C2-3EAE0539D9A2}.Release|x64.Build.0 = Release|Any CPU
		{F3D75D1B-A861-44A9-A88B-BFAA4D5E77AD}.Debug|x64.ActiveCfg = Debug|Any CPU
		{F3D75D1B-A861-44A9-A88B-BFAA4D5E77AD}.Debug|x64.Build.0 = Debug|Any CPU
		{F3D75D1B-A861-44A9-A88B-BFAA4D5E77AD}.Release|x64.ActiveCfg = Release|Any CPU
		{F3D75D1B-A861-44A9-A88B-BFAA4D5E77AD}.Release|x64.Build.0 = Release|Any CPU
	EndGlobalSection
	GlobalSection(SolutionProperties) = preSolution
		HideSolutionNode = FALSE
	EndGlobalSection
	GlobalSection(ExtensibilityGlobals) = postSolution
		SolutionGuid = {6B7266E8-8B93-40A3-932A-422C318799BB}
	EndGlobalSection
EndGlobal
